
Microsoft Visual Studio Solution File, Format Version 12.00
# Visual Studio Version 16
VisualStudioVersion = 16.0.29123.88
MinimumVisualStudioVersion = 10.0.40219.1
Project("{8BC9CEB8-8B4A-11D0-8D11-00A0C91BC942}") = "sem2labHashDop(4)", "sem2labHashDop(4)\sem2labHashDop(4).vcxproj", "{F9813CB7-8880-4669-A702-C66AD490DDB1}"
EndProject
Global
	GlobalSection(SolutionConfigurationPlatforms) = preSolution
		Debug|x64 = Debug|x64
		Debug|x86 = Debug|x86
		Release|x64 = Release|x64
		Release|x86 = Release|x86
	EndGlobalSection
	GlobalSection(ProjectConfigurationPlatforms) = postSolution
		{F9813CB7-8880-4669-A702-C66AD490DDB1}.Debug|x64.ActiveCfg = Debug|x64
		{F9813CB7-8880-4669-A702-C66AD490DDB1}.Debug|x64.Build.0 = Debug|x64
		{F9813CB7-8880-4669-A702-C66AD490DDB1}.Debug|x86.ActiveCfg = Debug|Win32
		{F9813CB7-8880-4669-A702-C66AD490DDB1}.Debug|x86.Build.0 = Debug|Win32
		{F9813CB7-8880-4669-A702-C66AD490DDB1}.Release|x64.ActiveCfg = Release|x64
		{F9813CB7-8880-4669-A702-C66AD490DDB1}.Release|x64.Build.0 = Release|x64
		{F9813CB7-8880-4669-A702-C66AD490DDB1}.Release|x86.ActiveCfg = Release|Win32
		{F9813CB7-8880-4669-A702-C66AD490DDB1}.Release|x86.Build.0 = Release|Win32
	EndGlobalSection
	GlobalSection(SolutionProperties) = preSolution
		HideSolutionNode = FALSE
	EndGlobalSection
	GlobalSection(ExtensibilityGlobals) = postSolution
		SolutionGuid = {796D58FF-6EB2-41A2-9F2F-8F290159502E}
	EndGlobalSection
EndGlobal
