
Microsoft Visual Studio Solution File, Format Version 12.00
# Visual Studio Version 16
VisualStudioVersion = 16.0.29123.88
MinimumVisualStudioVersion = 10.0.40219.1
Project("{8BC9CEB8-8B4A-11D0-8D11-00A0C91BC942}") = "sem2labRekursDop4", "sem2labRekursDop4\sem2labRekursDop4.vcxproj", "{90D81898-3500-46CF-BFBC-B73A8CA0A2DD}"
EndProject
Global
	GlobalSection(SolutionConfigurationPlatforms) = preSolution
		Debug|x64 = Debug|x64
		Debug|x86 = Debug|x86
		Release|x64 = Release|x64
		Release|x86 = Release|x86
	EndGlobalSection
	GlobalSection(ProjectConfigurationPlatforms) = postSolution
		{90D81898-3500-46CF-BFBC-B73A8CA0A2DD}.Debug|x64.ActiveCfg = Debug|x64
		{90D81898-3500-46CF-BFBC-B73A8CA0A2DD}.Debug|x64.Build.0 = Debug|x64
		{90D81898-3500-46CF-BFBC-B73A8CA0A2DD}.Debug|x86.ActiveCfg = Debug|Win32
		{90D81898-3500-46CF-BFBC-B73A8CA0A2DD}.Debug|x86.Build.0 = Debug|Win32
		{90D81898-3500-46CF-BFBC-B73A8CA0A2DD}.Release|x64.ActiveCfg = Release|x64
		{90D81898-3500-46CF-BFBC-B73A8CA0A2DD}.Release|x64.Build.0 = Release|x64
		{90D81898-3500-46CF-BFBC-B73A8CA0A2DD}.Release|x86.ActiveCfg = Release|Win32
		{90D81898-3500-46CF-BFBC-B73A8CA0A2DD}.Release|x86.Build.0 = Release|Win32
	EndGlobalSection
	GlobalSection(SolutionProperties) = preSolution
		HideSolutionNode = FALSE
	EndGlobalSection
	GlobalSection(ExtensibilityGlobals) = postSolution
		SolutionGuid = {E87F0510-255B-4816-A49F-7B9D9E754581}
	EndGlobalSection
EndGlobal
