
Microsoft Visual Studio Solution File, Format Version 12.00
# Visual Studio Version 16
VisualStudioVersion = 16.0.29123.88
MinimumVisualStudioVersion = 10.0.40219.1
Project("{8BC9CEB8-8B4A-11D0-8D11-00A0C91BC942}") = "red-blackThree", "red-blackThree\red-blackThree.vcxproj", "{4B756F25-F1AF-476E-B9D6-31E8980A8A72}"
EndProject
Global
	GlobalSection(SolutionConfigurationPlatforms) = preSolution
		Debug|x64 = Debug|x64
		Debug|x86 = Debug|x86
		Release|x64 = Release|x64
		Release|x86 = Release|x86
	EndGlobalSection
	GlobalSection(ProjectConfigurationPlatforms) = postSolution
		{4B756F25-F1AF-476E-B9D6-31E8980A8A72}.Debug|x64.ActiveCfg = Debug|x64
		{4B756F25-F1AF-476E-B9D6-31E8980A8A72}.Debug|x64.Build.0 = Debug|x64
		{4B756F25-F1AF-476E-B9D6-31E8980A8A72}.Debug|x86.ActiveCfg = Debug|Win32
		{4B756F25-F1AF-476E-B9D6-31E8980A8A72}.Debug|x86.Build.0 = Debug|Win32
		{4B756F25-F1AF-476E-B9D6-31E8980A8A72}.Release|x64.ActiveCfg = Release|x64
		{4B756F25-F1AF-476E-B9D6-31E8980A8A72}.Release|x64.Build.0 = Release|x64
		{4B756F25-F1AF-476E-B9D6-31E8980A8A72}.Release|x86.ActiveCfg = Release|Win32
		{4B756F25-F1AF-476E-B9D6-31E8980A8A72}.Release|x86.Build.0 = Release|Win32
	EndGlobalSection
	GlobalSection(SolutionProperties) = preSolution
		HideSolutionNode = FALSE
	EndGlobalSection
	GlobalSection(ExtensibilityGlobals) = postSolution
		SolutionGuid = {7728166F-8A5D-4E05-B2F2-3EDA4A1A9C78}
	EndGlobalSection
EndGlobal
