
Microsoft Visual Studio Solution File, Format Version 12.00
# Visual Studio Version 16
VisualStudioVersion = 16.0.29123.88
MinimumVisualStudioVersion = 10.0.40219.1
Project("{8BC9CEB8-8B4A-11D0-8D11-00A0C91BC942}") = "sem2DerevoVar7", "sem2DerevoVar7\sem2DerevoVar7.vcxproj", "{786BD52A-B810-4106-BB88-423A9363A24A}"
EndProject
Project("{8BC9CEB8-8B4A-11D0-8D11-00A0C91BC942}") = "testDerevo", "testDerevo\testDerevo.vcxproj", "{1246A7D3-B318-4B4B-8F0B-17DABED62AFD}"
EndProject
Global
	GlobalSection(SolutionConfigurationPlatforms) = preSolution
		Debug|x64 = Debug|x64
		Debug|x86 = Debug|x86
		Release|x64 = Release|x64
		Release|x86 = Release|x86
	EndGlobalSection
	GlobalSection(ProjectConfigurationPlatforms) = postSolution
		{786BD52A-B810-4106-BB88-423A9363A24A}.Debug|x64.ActiveCfg = Debug|x64
		{786BD52A-B810-4106-BB88-423A9363A24A}.Debug|x64.Build.0 = Debug|x64
		{786BD52A-B810-4106-BB88-423A9363A24A}.Debug|x86.ActiveCfg = Debug|Win32
		{786BD52A-B810-4106-BB88-423A9363A24A}.Debug|x86.Build.0 = Debug|Win32
		{786BD52A-B810-4106-BB88-423A9363A24A}.Release|x64.ActiveCfg = Release|x64
		{786BD52A-B810-4106-BB88-423A9363A24A}.Release|x64.Build.0 = Release|x64
		{786BD52A-B810-4106-BB88-423A9363A24A}.Release|x86.ActiveCfg = Release|Win32
		{786BD52A-B810-4106-BB88-423A9363A24A}.Release|x86.Build.0 = Release|Win32
		{1246A7D3-B318-4B4B-8F0B-17DABED62AFD}.Debug|x64.ActiveCfg = Debug|x64
		{1246A7D3-B318-4B4B-8F0B-17DABED62AFD}.Debug|x64.Build.0 = Debug|x64
		{1246A7D3-B318-4B4B-8F0B-17DABED62AFD}.Debug|x86.ActiveCfg = Debug|Win32
		{1246A7D3-B318-4B4B-8F0B-17DABED62AFD}.Debug|x86.Build.0 = Debug|Win32
		{1246A7D3-B318-4B4B-8F0B-17DABED62AFD}.Release|x64.ActiveCfg = Release|x64
		{1246A7D3-B318-4B4B-8F0B-17DABED62AFD}.Release|x64.Build.0 = Release|x64
		{1246A7D3-B318-4B4B-8F0B-17DABED62AFD}.Release|x86.ActiveCfg = Release|Win32
		{1246A7D3-B318-4B4B-8F0B-17DABED62AFD}.Release|x86.Build.0 = Release|Win32
	EndGlobalSection
	GlobalSection(SolutionProperties) = preSolution
		HideSolutionNode = FALSE
	EndGlobalSection
	GlobalSection(ExtensibilityGlobals) = postSolution
		SolutionGuid = {D618932E-D943-45F6-A449-2254089B91DA}
	EndGlobalSection
EndGlobal
